
Microsoft Visual Studio Solution File, Format Version 12.00
# Visual Studio Version 17
VisualStudioVersion = 17.5.002.0
MinimumVisualStudioVersion = 10.0.40219.1
Project("{9A19103F-16F7-4668-BE54-9A1E7A4F7556}") = "ContosoUniversity", "ContosoUniversity.csproj", "{E57E9BA4-25AF-4700-A1EA-EAECC9847F74}"
EndProject
Global
	GlobalSection(SolutionConfigurationPlatforms) = preSolution
		Debug|Any CPU = Debug|Any CPU
		Release|Any CPU = Release|Any CPU
	EndGlobalSection
	GlobalSection(ProjectConfigurationPlatforms) = postSolution
		{E57E9BA4-25AF-4700-A1EA-EAECC9847F74}.Debug|Any CPU.ActiveCfg = Debug|Any CPU
		{E57E9BA4-25AF-4700-A1EA-EAECC9847F74}.Debug|Any CPU.Build.0 = Debug|Any CPU
		{E57E9BA4-25AF-4700-A1EA-EAECC9847F74}.Release|Any CPU.ActiveCfg = Release|Any CPU
		{E57E9BA4-25AF-4700-A1EA-EAECC9847F74}.Release|Any CPU.Build.0 = Release|Any CPU
	EndGlobalSection
	GlobalSection(SolutionProperties) = preSolution
		HideSolutionNode = FALSE
	EndGlobalSection
	GlobalSection(ExtensibilityGlobals) = postSolution
		SolutionGuid = {41F4E8FE-B546-48A2-829D-1AA055947A57}
	EndGlobalSection
EndGlobal
